
Microsoft Visual Studio Solution File, Format Version 12.00
# Visual Studio 2013
VisualStudioVersion = 12.0.40629.0
MinimumVisualStudioVersion = 10.0.40219.1
Project("{FAE04EC0-301F-11D3-BF4B-00C04F79EFBC}") = "SimpleCardGameKata", "SimpleCardGameKata.csproj", "{FC0E8D30-9B30-4232-AD6A-40EADD09EAA5}"
EndProject
Project("{FAE04EC0-301F-11D3-BF4B-00C04F79EFBC}") = "CardGame.Tests", "..\CardGame.Tests\CardGame.Tests.csproj", "{52755552-A5A1-4FE2-9321-457FB38CF157}"
EndProject
Project("{2150E333-8FDC-42A3-9474-1A3956D46DE8}") = "Solution Items", "Solution Items", "{12B68CFB-781F-4ACC-9E95-F3B24A06CD13}"
	ProjectSection(SolutionItems) = preProject
		..\README.md = ..\README.md
	EndProjectSection
EndProject
Global
	GlobalSection(SolutionConfigurationPlatforms) = preSolution
		Debug|Any CPU = Debug|Any CPU
		Release|Any CPU = Release|Any CPU
	EndGlobalSection
	GlobalSection(ProjectConfigurationPlatforms) = postSolution
		{FC0E8D30-9B30-4232-AD6A-40EADD09EAA5}.Debug|Any CPU.ActiveCfg = Debug|Any CPU
		{FC0E8D30-9B30-4232-AD6A-40EADD09EAA5}.Debug|Any CPU.Build.0 = Debug|Any CPU
		{FC0E8D30-9B30-4232-AD6A-40EADD09EAA5}.Release|Any CPU.ActiveCfg = Release|Any CPU
		{FC0E8D30-9B30-4232-AD6A-40EADD09EAA5}.Release|Any CPU.Build.0 = Release|Any CPU
		{52755552-A5A1-4FE2-9321-457FB38CF157}.Debug|Any CPU.ActiveCfg = Debug|Any CPU
		{52755552-A5A1-4FE2-9321-457FB38CF157}.Debug|Any CPU.Build.0 = Debug|Any CPU
		{52755552-A5A1-4FE2-9321-457FB38CF157}.Release|Any CPU.ActiveCfg = Release|Any CPU
		{52755552-A5A1-4FE2-9321-457FB38CF157}.Release|Any CPU.Build.0 = Release|Any CPU
	EndGlobalSection
	GlobalSection(SolutionProperties) = preSolution
		HideSolutionNode = FALSE
	EndGlobalSection
EndGlobal
